
Microsoft Visual Studio Solution File, Format Version 12.00
# Visual Studio Version 16
VisualStudioVersion = 16.0.30717.126
MinimumVisualStudioVersion = 10.0.40219.1
Project("{9A19103F-16F7-4668-BE54-9A1E7A4F7556}") = "VertPub.Backend", "VertPub.Backend\VertPub.Backend.csproj", "{D6F2E039-9469-4D71-BC5D-10E2059AD203}"
EndProject
Project("{9A19103F-16F7-4668-BE54-9A1E7A4F7556}") = "VirtPup.Test", "VirtPup.Test\VirtPup.Test.csproj", "{37F334C6-C281-4422-98A2-97BE153D015C}"
EndProject
Project("{9A19103F-16F7-4668-BE54-9A1E7A4F7556}") = "VirtPub", "VirtPub\VirtPub.csproj", "{144FDD7D-211A-46AE-B33F-E6752320B198}"
EndProject
Global
	GlobalSection(SolutionConfigurationPlatforms) = preSolution
		Debug|Any CPU = Debug|Any CPU
		Release|Any CPU = Release|Any CPU
	EndGlobalSection
	GlobalSection(ProjectConfigurationPlatforms) = postSolution
		{D6F2E039-9469-4D71-BC5D-10E2059AD203}.Debug|Any CPU.ActiveCfg = Debug|Any CPU
		{D6F2E039-9469-4D71-BC5D-10E2059AD203}.Debug|Any CPU.Build.0 = Debug|Any CPU
		{D6F2E039-9469-4D71-BC5D-10E2059AD203}.Release|Any CPU.ActiveCfg = Release|Any CPU
		{D6F2E039-9469-4D71-BC5D-10E2059AD203}.Release|Any CPU.Build.0 = Release|Any CPU
		{37F334C6-C281-4422-98A2-97BE153D015C}.Debug|Any CPU.ActiveCfg = Debug|Any CPU
		{37F334C6-C281-4422-98A2-97BE153D015C}.Debug|Any CPU.Build.0 = Debug|Any CPU
		{37F334C6-C281-4422-98A2-97BE153D015C}.Release|Any CPU.ActiveCfg = Release|Any CPU
		{37F334C6-C281-4422-98A2-97BE153D015C}.Release|Any CPU.Build.0 = Release|Any CPU
		{144FDD7D-211A-46AE-B33F-E6752320B198}.Debug|Any CPU.ActiveCfg = Debug|Any CPU
		{144FDD7D-211A-46AE-B33F-E6752320B198}.Debug|Any CPU.Build.0 = Debug|Any CPU
		{144FDD7D-211A-46AE-B33F-E6752320B198}.Release|Any CPU.ActiveCfg = Release|Any CPU
		{144FDD7D-211A-46AE-B33F-E6752320B198}.Release|Any CPU.Build.0 = Release|Any CPU
	EndGlobalSection
	GlobalSection(SolutionProperties) = preSolution
		HideSolutionNode = FALSE
	EndGlobalSection
	GlobalSection(ExtensibilityGlobals) = postSolution
		SolutionGuid = {4810D36C-1643-4E9B-AAEB-7C1B8376DAF4}
	EndGlobalSection
EndGlobal
